
Microsoft Visual Studio Solution File, Format Version 12.00
# Visual Studio 15
VisualStudioVersion = 15.0.27004.2006
MinimumVisualStudioVersion = 10.0.40219.1
Project("{FAE04EC0-301F-11D3-BF4B-00C04F79EFBC}") = "Racing Bet", "Racing Bet\Racing Bet.csproj", "{B663745A-B0A4-4195-986A-3CF811CDE0EE}"
EndProject
Global
	GlobalSection(SolutionConfigurationPlatforms) = preSolution
		Debug|Any CPU = Debug|Any CPU
		Release|Any CPU = Release|Any CPU
	EndGlobalSection
	GlobalSection(ProjectConfigurationPlatforms) = postSolution
		{B663745A-B0A4-4195-986A-3CF811CDE0EE}.Debug|Any CPU.ActiveCfg = Debug|Any CPU
		{B663745A-B0A4-4195-986A-3CF811CDE0EE}.Debug|Any CPU.Build.0 = Debug|Any CPU
		{B663745A-B0A4-4195-986A-3CF811CDE0EE}.Release|Any CPU.ActiveCfg = Release|Any CPU
		{B663745A-B0A4-4195-986A-3CF811CDE0EE}.Release|Any CPU.Build.0 = Release|Any CPU
	EndGlobalSection
	GlobalSection(SolutionProperties) = preSolution
		HideSolutionNode = FALSE
	EndGlobalSection
	GlobalSection(ExtensibilityGlobals) = postSolution
		SolutionGuid = {97C54570-2D2D-4547-877A-072FE17478C6}
	EndGlobalSection
EndGlobal
